
Microsoft Visual Studio Solution File, Format Version 12.00
# Visual Studio Version 16
VisualStudioVersion = 16.0.30804.86
MinimumVisualStudioVersion = 10.0.40219.1
Project("{FAE04EC0-301F-11D3-BF4B-00C04F79EFBC}") = "PowerRqlite", "PowerRqlite\PowerRqlite.csproj", "{4D7A59E7-F0BC-45A4-995F-5F68C66EA094}"
EndProject
Project("{2150E333-8FDC-42A3-9474-1A3956D46DE8}") = "Solution Items", "Solution Items", "{E447132C-5A3B-4744-A7A0-C1CF3AFA9544}"
	ProjectSection(SolutionItems) = preProject
		.editorconfig = .editorconfig
	EndProjectSection
EndProject
Global
	GlobalSection(SolutionConfigurationPlatforms) = preSolution
		Debug|Any CPU = Debug|Any CPU
		Release|Any CPU = Release|Any CPU
	EndGlobalSection
	GlobalSection(ProjectConfigurationPlatforms) = postSolution
		{4D7A59E7-F0BC-45A4-995F-5F68C66EA094}.Debug|Any CPU.ActiveCfg = Debug|Any CPU
		{4D7A59E7-F0BC-45A4-995F-5F68C66EA094}.Debug|Any CPU.Build.0 = Debug|Any CPU
		{4D7A59E7-F0BC-45A4-995F-5F68C66EA094}.Release|Any CPU.ActiveCfg = Release|Any CPU
		{4D7A59E7-F0BC-45A4-995F-5F68C66EA094}.Release|Any CPU.Build.0 = Release|Any CPU
	EndGlobalSection
	GlobalSection(SolutionProperties) = preSolution
		HideSolutionNode = FALSE
	EndGlobalSection
	GlobalSection(ExtensibilityGlobals) = postSolution
		SolutionGuid = {E6D05C23-F721-4E92-A894-D4BE2F47E2DB}
	EndGlobalSection
EndGlobal
